{
  "requires": true,
  "lockfileVersion": 1,
  "dependencies": {
    "sweetalert2": {
      "version": "11.4.4",
      "resolved": "https://registry.npmjs.org/sweetalert2/-/sweetalert2-11.4.4.tgz",
      "integrity": "sha512-9yYWQuRT1v9JNI/paPTSYV+68MHwe9C+HQ/I2jtfaFzoJgYRftWXOs4JqmDSjT7m2m4r8ebMMn8LcxD1Wq9B/w=="
    }
  }
}
